
Microsoft Visual Studio Solution File, Format Version 12.00
# Visual Studio Version 16
VisualStudioVersion = 16.0.30621.155
MinimumVisualStudioVersion = 10.0.40219.1
Project("{FAE04EC0-301F-11D3-BF4B-00C04F79EFBC}") = "primenumber", "primenumber\primenumber.csproj", "{1C9A9DC9-5BE9-413D-94D2-F5DA571F15A5}"
EndProject
Global
	GlobalSection(SolutionConfigurationPlatforms) = preSolution
		Debug|Any CPU = Debug|Any CPU
		Release|Any CPU = Release|Any CPU
	EndGlobalSection
	GlobalSection(ProjectConfigurationPlatforms) = postSolution
		{1C9A9DC9-5BE9-413D-94D2-F5DA571F15A5}.Debug|Any CPU.ActiveCfg = Debug|Any CPU
		{1C9A9DC9-5BE9-413D-94D2-F5DA571F15A5}.Debug|Any CPU.Build.0 = Debug|Any CPU
		{1C9A9DC9-5BE9-413D-94D2-F5DA571F15A5}.Release|Any CPU.ActiveCfg = Release|Any CPU
		{1C9A9DC9-5BE9-413D-94D2-F5DA571F15A5}.Release|Any CPU.Build.0 = Release|Any CPU
	EndGlobalSection
	GlobalSection(SolutionProperties) = preSolution
		HideSolutionNode = FALSE
	EndGlobalSection
	GlobalSection(ExtensibilityGlobals) = postSolution
		SolutionGuid = {0006E171-ECEF-428B-BC59-8954764EE982}
	EndGlobalSection
EndGlobal
